
Microsoft Visual Studio Solution File, Format Version 12.00
# Visual Studio Version 16
VisualStudioVersion = 16.0.32002.261
MinimumVisualStudioVersion = 10.0.40219.1
Project("{9A19103F-16F7-4668-BE54-9A1E7A4F7556}") = "Pizza5050.Server", "Server\Pizza5050.Server.csproj", "{E95DFFF8-1923-4656-8423-99BC394DF260}"
EndProject
Project("{9A19103F-16F7-4668-BE54-9A1E7A4F7556}") = "Pizza5050.Client", "Client\Pizza5050.Client.csproj", "{C2C77FB4-B99F-4589-8BD5-FF435532E44D}"
EndProject
Project("{9A19103F-16F7-4668-BE54-9A1E7A4F7556}") = "Pizza5050.Shared", "Shared\Pizza5050.Shared.csproj", "{AE3ABF29-4D36-4594-9E48-CB5B4ED25725}"
EndProject
Global
	GlobalSection(SolutionConfigurationPlatforms) = preSolution
		Debug|Any CPU = Debug|Any CPU
		Release|Any CPU = Release|Any CPU
	EndGlobalSection
	GlobalSection(ProjectConfigurationPlatforms) = postSolution
		{E95DFFF8-1923-4656-8423-99BC394DF260}.Debug|Any CPU.ActiveCfg = Debug|Any CPU
		{E95DFFF8-1923-4656-8423-99BC394DF260}.Debug|Any CPU.Build.0 = Debug|Any CPU
		{E95DFFF8-1923-4656-8423-99BC394DF260}.Release|Any CPU.ActiveCfg = Release|Any CPU
		{E95DFFF8-1923-4656-8423-99BC394DF260}.Release|Any CPU.Build.0 = Release|Any CPU
		{C2C77FB4-B99F-4589-8BD5-FF435532E44D}.Debug|Any CPU.ActiveCfg = Debug|Any CPU
		{C2C77FB4-B99F-4589-8BD5-FF435532E44D}.Debug|Any CPU.Build.0 = Debug|Any CPU
		{C2C77FB4-B99F-4589-8BD5-FF435532E44D}.Release|Any CPU.ActiveCfg = Release|Any CPU
		{C2C77FB4-B99F-4589-8BD5-FF435532E44D}.Release|Any CPU.Build.0 = Release|Any CPU
		{AE3ABF29-4D36-4594-9E48-CB5B4ED25725}.Debug|Any CPU.ActiveCfg = Debug|Any CPU
		{AE3ABF29-4D36-4594-9E48-CB5B4ED25725}.Debug|Any CPU.Build.0 = Debug|Any CPU
		{AE3ABF29-4D36-4594-9E48-CB5B4ED25725}.Release|Any CPU.ActiveCfg = Release|Any CPU
		{AE3ABF29-4D36-4594-9E48-CB5B4ED25725}.Release|Any CPU.Build.0 = Release|Any CPU
	EndGlobalSection
	GlobalSection(SolutionProperties) = preSolution
		HideSolutionNode = FALSE
	EndGlobalSection
	GlobalSection(ExtensibilityGlobals) = postSolution
		SolutionGuid = {972474B2-441B-4320-A213-AA43BA64A91C}
	EndGlobalSection
EndGlobal
